github.com/gizak/termui v2.2.0+incompatible h1:qvZU9Xll/Xd/Xr/YO+HfBKXhy8a8/94ao6vV9DSXzUE=
github.com/gizak/termui v2.2.0+incompatible/go.mod h1:PkJoWUt/zacQKysNfQtcw1RW+eK2SxkieVBtl+4ovLA=
github.com/maruel/panicparse v1.1.1 h1:k62YPcEoLncEEpjMt92GtG5ugb8WL/510Ys3/h5IkRc=
github.com/maruel/panicparse v1.1.1/go.mod h1:nty42YY5QByNC5MM7q/nj938VbgPU7avs45z6NClpxI=
github.com/mattn/go-runewidth v0.0.3 h1:a+kO+98RDGEfo6asOGMmpodZq4FNtnGP54yps8BzLR4=
github.com/mattn/go-runewidth v0.0.3/go.mod h1:LwmH8dsx7+W8Uxz3IHJYH5QSwggIsqBzpuz5H//U1FU=
github.com/mitchellh/go-wordwrap v0.0.0-20180828145344-9e67c67572bc h1:DDA3KMRLN0tloJ82m9E7nKgsPBTgTHGLfVkhHCSQaFE=
github.com/mitchellh/go-wordwrap v0.0.0-20180828145344-9e67c67572bc/go.mod h1:ZXFpozHsX6DPmq2I0TCekCxypsnAUbP2oI0UX1GXzOo=
github.com/nsf/termbox-go v0.0.0-20180819125858-b66b20ab708e h1:fvw0uluMptljaRKSU8459cJ4bmi3qUYyMs5kzpic2fY=
github.com/nsf/termbox-go v0.0.0-20180819125858-b66b20ab708e/go.mod h1:IuKpRQcYE1Tfu+oAQqaLisqDeXgjyyltCfsaoYN18NQ=
